
Microsoft Visual Studio Solution File, Format Version 12.00
# Visual Studio Version 17
VisualStudioVersion = 17.1.32319.34
MinimumVisualStudioVersion = 10.0.40219.1
Project("{FAE04EC0-301F-11D3-BF4B-00C04F79EFBC}") = "Calculator Y", "Calculator Y\Calculator Y.csproj", "{554FDF8D-46B2-4642-BA4E-E608ECA67120}"
EndProject
Global
	GlobalSection(SolutionConfigurationPlatforms) = preSolution
		Debug|Any CPU = Debug|Any CPU
		Release|Any CPU = Release|Any CPU
	EndGlobalSection
	GlobalSection(ProjectConfigurationPlatforms) = postSolution
		{554FDF8D-46B2-4642-BA4E-E608ECA67120}.Debug|Any CPU.ActiveCfg = Debug|Any CPU
		{554FDF8D-46B2-4642-BA4E-E608ECA67120}.Debug|Any CPU.Build.0 = Debug|Any CPU
		{554FDF8D-46B2-4642-BA4E-E608ECA67120}.Release|Any CPU.ActiveCfg = Release|Any CPU
		{554FDF8D-46B2-4642-BA4E-E608ECA67120}.Release|Any CPU.Build.0 = Release|Any CPU
	EndGlobalSection
	GlobalSection(SolutionProperties) = preSolution
		HideSolutionNode = FALSE
	EndGlobalSection
	GlobalSection(ExtensibilityGlobals) = postSolution
		SolutionGuid = {C39C8159-C17B-4C7F-BF25-096CCDF08442}
	EndGlobalSection
EndGlobal
